
Microsoft Visual Studio Solution File, Format Version 12.00
# Visual Studio Version 16
VisualStudioVersion = 16.0.31105.61
MinimumVisualStudioVersion = 10.0.40219.1
Project("{9A19103F-16F7-4668-BE54-9A1E7A4F7556}") = "Dopzadanie", "Figures\Dopzadanie.csproj", "{EE538C42-5E78-41F9-8D0B-43734D5736E1}"
EndProject
Global
	GlobalSection(SolutionConfigurationPlatforms) = preSolution
		Debug|Any CPU = Debug|Any CPU
		Release|Any CPU = Release|Any CPU
	EndGlobalSection
	GlobalSection(ProjectConfigurationPlatforms) = postSolution
		{EE538C42-5E78-41F9-8D0B-43734D5736E1}.Debug|Any CPU.ActiveCfg = Debug|Any CPU
		{EE538C42-5E78-41F9-8D0B-43734D5736E1}.Debug|Any CPU.Build.0 = Debug|Any CPU
		{EE538C42-5E78-41F9-8D0B-43734D5736E1}.Release|Any CPU.ActiveCfg = Release|Any CPU
		{EE538C42-5E78-41F9-8D0B-43734D5736E1}.Release|Any CPU.Build.0 = Release|Any CPU
	EndGlobalSection
	GlobalSection(SolutionProperties) = preSolution
		HideSolutionNode = FALSE
	EndGlobalSection
	GlobalSection(ExtensibilityGlobals) = postSolution
		SolutionGuid = {4636ACCB-2812-4B16-AB23-6328A87FD51E}
	EndGlobalSection
EndGlobal
